
Microsoft Visual Studio Solution File, Format Version 12.00
# Visual Studio Version 16
VisualStudioVersion = 16.0.31424.327
MinimumVisualStudioVersion = 10.0.40219.1
Project("{FAE04EC0-301F-11D3-BF4B-00C04F79EFBC}") = "17.Manual.Lambda.Delegates.Linq.09", "17.Manual.Lambda.Delegates.Linq.09\17.Manual.Lambda.Delegates.Linq.09.csproj", "{91052482-A773-4687-BEE2-D68EFFB84C8B}"
EndProject
Global
	GlobalSection(SolutionConfigurationPlatforms) = preSolution
		Debug|Any CPU = Debug|Any CPU
		Release|Any CPU = Release|Any CPU
	EndGlobalSection
	GlobalSection(ProjectConfigurationPlatforms) = postSolution
		{91052482-A773-4687-BEE2-D68EFFB84C8B}.Debug|Any CPU.ActiveCfg = Debug|Any CPU
		{91052482-A773-4687-BEE2-D68EFFB84C8B}.Debug|Any CPU.Build.0 = Debug|Any CPU
		{91052482-A773-4687-BEE2-D68EFFB84C8B}.Release|Any CPU.ActiveCfg = Release|Any CPU
		{91052482-A773-4687-BEE2-D68EFFB84C8B}.Release|Any CPU.Build.0 = Release|Any CPU
	EndGlobalSection
	GlobalSection(SolutionProperties) = preSolution
		HideSolutionNode = FALSE
	EndGlobalSection
	GlobalSection(ExtensibilityGlobals) = postSolution
		SolutionGuid = {B6040EBF-518F-4609-9C7C-E20970A668F7}
	EndGlobalSection
EndGlobal
